
Microsoft Visual Studio Solution File, Format Version 10.00
# Visual Studio 2008
Project("{FAE04EC0-301F-11D3-BF4B-00C04F79EFBC}") = "ImEncryption", "ImEncryption\ImEncryption.csproj", "{47C098E8-C0E8-4226-BCE7-BD301DC54EEB}"
EndProject
Global
	GlobalSection(SolutionConfigurationPlatforms) = preSolution
		Debug|Any CPU = Debug|Any CPU
		Release|Any CPU = Release|Any CPU
	EndGlobalSection
	GlobalSection(ProjectConfigurationPlatforms) = postSolution
		{47C098E8-C0E8-4226-BCE7-BD301DC54EEB}.Debug|Any CPU.ActiveCfg = Debug|Any CPU
		{47C098E8-C0E8-4226-BCE7-BD301DC54EEB}.Debug|Any CPU.Build.0 = Debug|Any CPU
		{47C098E8-C0E8-4226-BCE7-BD301DC54EEB}.Release|Any CPU.ActiveCfg = Release|Any CPU
		{47C098E8-C0E8-4226-BCE7-BD301DC54EEB}.Release|Any CPU.Build.0 = Release|Any CPU
	EndGlobalSection
	GlobalSection(SolutionProperties) = preSolution
		HideSolutionNode = FALSE
	EndGlobalSection
EndGlobal
